<?xml version="1.0" encoding="utf-8"?>
<Project ToolsVersion="4.0" xmlns="http://schemas.microsoft.com/developer/msbuild/2003">
  <ItemGroup>
    <Filter Include="Source Files">
      <UniqueIdentifier>{4FC737F1-C7A5-4376-A066-2A32D752A2FF}</UniqueIdentifier>
      <Extensions>cpp;c;cc;cxx;def;odl;idl;hpj;bat;asm;asmx</Extensions>
    </Filter>
    <Filter Include="Header Files">
      <UniqueIdentifier>{93995380-89BD-4b04-88EB-625FBE52EBFB}</UniqueIdentifier>
      <Extensions>h;hh;hpp;hxx;hm;inl;inc;xsd</Extensions>
    </Filter>
    <Filter Include="Resource Files">
      <UniqueIdentifier>{67DA6AB6-F800-4c08-8B7A-83BB121AAD01}</UniqueIdentifier>
      <Extensions>rc;ico;cur;bmp;dlg;rc2;rct;bin;rgs;gif;jpg;jpeg;jpe;resx;tiff;tif;png;wav;mfcribbon-ms</Extensions>
    </Filter>
    <Filter Include="Header Files\Resource/String">
      <UniqueIdentifier>{47f54f98-4c31-4496-9dc9-4c714ba469c5}</UniqueIdentifier>
    </Filter>
    <Filter Include="Source Files\Weapons">
      <UniqueIdentifier>{8cde35e6-8555-4fcd-9cbf-8b51ab982f59}</UniqueIdentifier>
    </Filter>
    <Filter Include="Source Files\Living Stuff">
      <UniqueIdentifier>{5256d74e-3a6f-48b6-81c4-3c9acd20bffc}</UniqueIdentifier>
    </Filter>
    <Filter Include="Header Files\Living Stuff">
      <UniqueIdentifier>{60881e9a-cfda-42c3-a67c-fe2aefd99123}</UniqueIdentifier>
    </Filter>
    <Filter Include="Header Files\Weapons">
      <UniqueIdentifier>{31761950-4a2e-498d-a0a6-30bf64b4da97}</UniqueIdentifier>
    </Filter>
    <Filter Include="Header Files\RapidJson">
      <UniqueIdentifier>{a7546463-f102-489b-bdb7-2a651c234f7b}</UniqueIdentifier>
    </Filter>
    <Filter Include="Source Files\GameWorld">
      <UniqueIdentifier>{001ab096-363c-4c9a-b2b8-3e122ea0b3ea}</UniqueIdentifier>
    </Filter>
    <Filter Include="Header Files\GameWorld">
      <UniqueIdentifier>{3b025dfa-7f1d-4414-a802-68b555165900}</UniqueIdentifier>
    </Filter>
    <Filter Include="Header Files\Enums">
      <UniqueIdentifier>{7e1734dd-3c99-4cb7-826f-aea0a31877df}</UniqueIdentifier>
    </Filter>
    <Filter Include="Header Files\States">
      <UniqueIdentifier>{757e78ff-0cfa-43db-8e06-437c88538de6}</UniqueIdentifier>
    </Filter>
    <Filter Include="Source Files\States">
      <UniqueIdentifier>{6114708e-5e35-4860-9622-341dd680eaad}</UniqueIdentifier>
    </Filter>
    <Filter Include="Header Files\HUD/Audio">
      <UniqueIdentifier>{7aeb7084-a535-45d5-971b-085599c298e1}</UniqueIdentifier>
    </Filter>
    <Filter Include="Source Files\HUD/Audio">
      <UniqueIdentifier>{3f335927-8b0c-4254-8017-617b2492833a}</UniqueIdentifier>
    </Filter>
  </ItemGroup>
  <ItemGroup>
    <ClCompile Include="main.cpp">
      <Filter>Source Files</Filter>
    </ClCompile>
    <ClCompile Include="Weapon.cpp">
      <Filter>Source Files\Weapons</Filter>
    </ClCompile>
    <ClCompile Include="RangeWeapon.cpp">
      <Filter>Source Files\Weapons</Filter>
    </ClCompile>
    <ClCompile Include="MeleeWeapon.cpp">
      <Filter>Source Files\Weapons</Filter>
    </ClCompile>
    <ClCompile Include="Projectile.cpp">
      <Filter>Source Files\Weapons</Filter>
    </ClCompile>
    <ClCompile Include="Player.cpp">
      <Filter>Source Files\Living Stuff</Filter>
    </ClCompile>
    <ClCompile Include="Entity.cpp">
      <Filter>Source Files\Living Stuff</Filter>
    </ClCompile>
    <ClCompile Include="Slime.cpp">
      <Filter>Source Files\Living Stuff</Filter>
    </ClCompile>
    <ClCompile Include="Enemy.cpp">
      <Filter>Source Files\Living Stuff</Filter>
    </ClCompile>
    <ClCompile Include="FloorGenerator.cpp">
      <Filter>Source Files\GameWorld</Filter>
    </ClCompile>
    <ClCompile Include="Platform.cpp">
      <Filter>Source Files\GameWorld</Filter>
    </ClCompile>
    <ClCompile Include="Room.cpp">
      <Filter>Source Files\GameWorld</Filter>
    </ClCompile>
    <ClCompile Include="Background.cpp">
      <Filter>Source Files\GameWorld</Filter>
    </ClCompile>
    <ClCompile Include="MyContactListener.cpp">
      <Filter>Source Files</Filter>
    </ClCompile>
    <ClCompile Include="ArrowShooter.cpp">
      <Filter>Source Files</Filter>
    </ClCompile>
    <ClCompile Include="Application.cpp">
      <Filter>Source Files</Filter>
    </ClCompile>
    <ClCompile Include="Utility.cpp">
      <Filter>Source Files</Filter>
    </ClCompile>
    <ClCompile Include="World.cpp">
      <Filter>Source Files</Filter>
    </ClCompile>
    <ClCompile Include="TitleState.cpp">
      <Filter>Source Files\States</Filter>
    </ClCompile>
    <ClCompile Include="State.cpp">
      <Filter>Source Files\States</Filter>
    </ClCompile>
    <ClCompile Include="PauseState.cpp">
      <Filter>Source Files\States</Filter>
    </ClCompile>
    <ClCompile Include="MenuState.cpp">
      <Filter>Source Files\States</Filter>
    </ClCompile>
    <ClCompile Include="GameState.cpp">
      <Filter>Source Files\States</Filter>
    </ClCompile>
    <ClCompile Include="StateStack.cpp">
      <Filter>Source Files\States</Filter>
    </ClCompile>
    <ClCompile Include="Hud.cpp">
      <Filter>Source Files\HUD/Audio</Filter>
    </ClCompile>
    <ClCompile Include="Lifes.cpp">
      <Filter>Source Files\HUD/Audio</Filter>
    </ClCompile>
    <ClCompile Include="AudioManager.cpp">
      <Filter>Source Files\HUD/Audio</Filter>
    </ClCompile>
    <ClCompile Include="Torch.cpp">
      <Filter>Source Files\GameWorld</Filter>
    </ClCompile>
  </ItemGroup>
  <ItemGroup>
    <ClInclude Include="ResourceIdentifiers.h">
      <Filter>Header Files\Resource/String</Filter>
    </ClInclude>
    <ClInclude Include="ResourceHolder.h">
      <Filter>Header Files\Resource/String</Filter>
    </ClInclude>
    <ClInclude Include="Slime.h">
      <Filter>Header Files\Living Stuff</Filter>
    </ClInclude>
    <ClInclude Include="Player.h">
      <Filter>Header Files\Living Stuff</Filter>
    </ClInclude>
    <ClInclude Include="Entity.h">
      <Filter>Header Files\Living Stuff</Filter>
    </ClInclude>
    <ClInclude Include="MeleeWeapon.h">
      <Filter>Header Files\Weapons</Filter>
    </ClInclude>
    <ClInclude Include="Projectile.h">
      <Filter>Header Files\Weapons</Filter>
    </ClInclude>
    <ClInclude Include="RangeWeapon.h">
      <Filter>Header Files\Weapons</Filter>
    </ClInclude>
    <ClInclude Include="Weapon.h">
      <Filter>Header Files\Weapons</Filter>
    </ClInclude>
    <ClInclude Include="Enemy.h">
      <Filter>Header Files\Living Stuff</Filter>
    </ClInclude>
    <ClInclude Include="rapidjson\document.h">
      <Filter>Header Files\RapidJson</Filter>
    </ClInclude>
    <ClInclude Include="rapidjson\filestream.h">
      <Filter>Header Files\RapidJson</Filter>
    </ClInclude>
    <ClInclude Include="rapidjson\prettywriter.h">
      <Filter>Header Files\RapidJson</Filter>
    </ClInclude>
    <ClInclude Include="rapidjson\rapidjson.h">
      <Filter>Header Files\RapidJson</Filter>
    </ClInclude>
    <ClInclude Include="rapidjson\reader.h">
      <Filter>Header Files\RapidJson</Filter>
    </ClInclude>
    <ClInclude Include="rapidjson\stringbuffer.h">
      <Filter>Header Files\RapidJson</Filter>
    </ClInclude>
    <ClInclude Include="rapidjson\writer.h">
      <Filter>Header Files\RapidJson</Filter>
    </ClInclude>
    <ClInclude Include="FloorGenerator.h">
      <Filter>Header Files\GameWorld</Filter>
    </ClInclude>
    <ClInclude Include="Platform.h">
      <Filter>Header Files\GameWorld</Filter>
    </ClInclude>
    <ClInclude Include="Room.h">
      <Filter>Header Files\GameWorld</Filter>
    </ClInclude>
    <ClInclude Include="Background.h">
      <Filter>Header Files\GameWorld</Filter>
    </ClInclude>
    <ClInclude Include="MyContactListener.h">
      <Filter>Header Files</Filter>
    </ClInclude>
    <ClInclude Include="ArrowShooter.h">
      <Filter>Header Files</Filter>
    </ClInclude>
    <ClInclude Include="MovementIdentifiers.h">
      <Filter>Header Files\Enums</Filter>
    </ClInclude>
    <ClInclude Include="ColliderIdentifiers.h">
      <Filter>Header Files\Enums</Filter>
    </ClInclude>
    <ClInclude Include="OwnerOfWeapons.h">
      <Filter>Header Files\Enums</Filter>
    </ClInclude>
    <ClInclude Include="World.h">
      <Filter>Header Files</Filter>
    </ClInclude>
    <ClInclude Include="Application.h">
      <Filter>Header Files</Filter>
    </ClInclude>
    <ClInclude Include="GameState.h">
      <Filter>Header Files\States</Filter>
    </ClInclude>
    <ClInclude Include="MenuState.h">
      <Filter>Header Files\States</Filter>
    </ClInclude>
    <ClInclude Include="PauseState.h">
      <Filter>Header Files\States</Filter>
    </ClInclude>
    <ClInclude Include="State.h">
      <Filter>Header Files\States</Filter>
    </ClInclude>
    <ClInclude Include="StateIdentifiers.h">
      <Filter>Header Files\States</Filter>
    </ClInclude>
    <ClInclude Include="StateStack.h">
      <Filter>Header Files\States</Filter>
    </ClInclude>
    <ClInclude Include="TitleState.h">
      <Filter>Header Files\States</Filter>
    </ClInclude>
    <ClInclude Include="Utility.h">
      <Filter>Header Files\Resource/String</Filter>
    </ClInclude>
    <ClInclude Include="Hud.h">
      <Filter>Header Files\HUD/Audio</Filter>
    </ClInclude>
    <ClInclude Include="Lifes.h">
      <Filter>Header Files\HUD/Audio</Filter>
    </ClInclude>
    <ClInclude Include="AudioManager.h">
      <Filter>Header Files\HUD/Audio</Filter>
    </ClInclude>
    <ClInclude Include="Torch.h">
      <Filter>Header Files\GameWorld</Filter>
    </ClInclude>
  </ItemGroup>
  <ItemGroup>
    <None Include="ResourceHolder.inl">
      <Filter>Header Files\Resource/String</Filter>
    </None>
    <None Include="Utility.inl">
      <Filter>Header Files\Resource/String</Filter>
    </None>
  </ItemGroup>
</Project>